
Microsoft Visual Studio Solution File, Format Version 12.00
# Visual Studio Version 17
VisualStudioVersion = 17.1.32319.34
MinimumVisualStudioVersion = 10.0.40219.1
Project("{8BC9CEB8-8B4A-11D0-8D11-00A0C91BC942}") = "OS14_HTCOM", "OS14_HTCOM\OS14_HTCOM.vcxproj", "{4E3BE4AD-15EB-4A85-86A5-36057E553D45}"
EndProject
Project("{8BC9CEB8-8B4A-11D0-8D11-00A0C91BC942}") = "OS14_HTAPI", "OS14_HTAPI\OS14_HTAPI.vcxproj", "{9BA9DA36-11D5-43EB-BB91-9829BE13A8A7}"
EndProject
Project("{8BC9CEB8-8B4A-11D0-8D11-00A0C91BC942}") = "OS14_HTCOM_LIB", "OS14_HTCOM_LIB\OS14_HTCOM_LIB.vcxproj", "{78DBFAB7-D639-42C8-8FC3-0504CE559320}"
EndProject
Project("{8BC9CEB8-8B4A-11D0-8D11-00A0C91BC942}") = "OS14_START", "OS14_START\OS14_START.vcxproj", "{3BB7DAB8-CA04-4640-863A-3ED43FABA126}"
	ProjectSection(ProjectDependencies) = postProject
		{78DBFAB7-D639-42C8-8FC3-0504CE559320} = {78DBFAB7-D639-42C8-8FC3-0504CE559320}
	EndProjectSection
EndProject
Project("{8BC9CEB8-8B4A-11D0-8D11-00A0C91BC942}") = "OS_0402", "OS_0402\OS_0402.vcxproj", "{85721287-7343-4248-A201-1293CC6ACD9B}"
EndProject
Project("{8BC9CEB8-8B4A-11D0-8D11-00A0C91BC942}") = "OS_0403", "OS_0403\OS_0403.vcxproj", "{2262A465-00E8-46A9-BAC8-868D0D199FD6}"
	ProjectSection(ProjectDependencies) = postProject
		{78DBFAB7-D639-42C8-8FC3-0504CE559320} = {78DBFAB7-D639-42C8-8FC3-0504CE559320}
	EndProjectSection
EndProject
Project("{8BC9CEB8-8B4A-11D0-8D11-00A0C91BC942}") = "OS_0404", "OS_0404\OS_0404.vcxproj", "{66ABFD0C-404A-4F7D-9702-DCFD2EA15706}"
	ProjectSection(ProjectDependencies) = postProject
		{78DBFAB7-D639-42C8-8FC3-0504CE559320} = {78DBFAB7-D639-42C8-8FC3-0504CE559320}
	EndProjectSection
EndProject
Project("{8BC9CEB8-8B4A-11D0-8D11-00A0C91BC942}") = "OS14_STOP", "OS14_STOP\OS14_STOP.vcxproj", "{760645EA-922F-434D-ABFC-3268167124E5}"
	ProjectSection(ProjectDependencies) = postProject
		{78DBFAB7-D639-42C8-8FC3-0504CE559320} = {78DBFAB7-D639-42C8-8FC3-0504CE559320}
	EndProjectSection
EndProject
Project("{8BC9CEB8-8B4A-11D0-8D11-00A0C91BC942}") = "OS14_CREATE", "OS14_CREATE\OS14_CREATE.vcxproj", "{15D4EB47-E5ED-49FE-AF70-EC281FDE4107}"
	ProjectSection(ProjectDependencies) = postProject
		{78DBFAB7-D639-42C8-8FC3-0504CE559320} = {78DBFAB7-D639-42C8-8FC3-0504CE559320}
	EndProjectSection
EndProject
Global
	GlobalSection(SolutionConfigurationPlatforms) = preSolution
		Debug|x64 = Debug|x64
		Debug|x86 = Debug|x86
		Release|x64 = Release|x64
		Release|x86 = Release|x86
	EndGlobalSection
	GlobalSection(ProjectConfigurationPlatforms) = postSolution
		{4E3BE4AD-15EB-4A85-86A5-36057E553D45}.Debug|x64.ActiveCfg = Debug|x64
		{4E3BE4AD-15EB-4A85-86A5-36057E553D45}.Debug|x64.Build.0 = Debug|x64
		{4E3BE4AD-15EB-4A85-86A5-36057E553D45}.Debug|x86.ActiveCfg = Debug|Win32
		{4E3BE4AD-15EB-4A85-86A5-36057E553D45}.Debug|x86.Build.0 = Debug|Win32
		{4E3BE4AD-15EB-4A85-86A5-36057E553D45}.Release|x64.ActiveCfg = Release|x64
		{4E3BE4AD-15EB-4A85-86A5-36057E553D45}.Release|x64.Build.0 = Release|x64
		{4E3BE4AD-15EB-4A85-86A5-36057E553D45}.Release|x86.ActiveCfg = Release|Win32
		{4E3BE4AD-15EB-4A85-86A5-36057E553D45}.Release|x86.Build.0 = Release|Win32
		{9BA9DA36-11D5-43EB-BB91-9829BE13A8A7}.Debug|x64.ActiveCfg = Debug|x64
		{9BA9DA36-11D5-43EB-BB91-9829BE13A8A7}.Debug|x64.Build.0 = Debug|x64
		{9BA9DA36-11D5-43EB-BB91-9829BE13A8A7}.Debug|x86.ActiveCfg = Debug|Win32
		{9BA9DA36-11D5-43EB-BB91-9829BE13A8A7}.Debug|x86.Build.0 = Debug|Win32
		{9BA9DA36-11D5-43EB-BB91-9829BE13A8A7}.Release|x64.ActiveCfg = Release|x64
		{9BA9DA36-11D5-43EB-BB91-9829BE13A8A7}.Release|x64.Build.0 = Release|x64
		{9BA9DA36-11D5-43EB-BB91-9829BE13A8A7}.Release|x86.ActiveCfg = Release|Win32
		{9BA9DA36-11D5-43EB-BB91-9829BE13A8A7}.Release|x86.Build.0 = Release|Win32
		{78DBFAB7-D639-42C8-8FC3-0504CE559320}.Debug|x64.ActiveCfg = Debug|x64
		{78DBFAB7-D639-42C8-8FC3-0504CE559320}.Debug|x64.Build.0 = Debug|x64
		{78DBFAB7-D639-42C8-8FC3-0504CE559320}.Debug|x86.ActiveCfg = Debug|Win32
		{78DBFAB7-D639-42C8-8FC3-0504CE559320}.Debug|x86.Build.0 = Debug|Win32
		{78DBFAB7-D639-42C8-8FC3-0504CE559320}.Release|x64.ActiveCfg = Release|x64
		{78DBFAB7-D639-42C8-8FC3-0504CE559320}.Release|x64.Build.0 = Release|x64
		{78DBFAB7-D639-42C8-8FC3-0504CE559320}.Release|x86.ActiveCfg = Release|Win32
		{78DBFAB7-D639-42C8-8FC3-0504CE559320}.Release|x86.Build.0 = Release|Win32
		{3BB7DAB8-CA04-4640-863A-3ED43FABA126}.Debug|x64.ActiveCfg = Debug|x64
		{3BB7DAB8-CA04-4640-863A-3ED43FABA126}.Debug|x64.Build.0 = Debug|x64
		{3BB7DAB8-CA04-4640-863A-3ED43FABA126}.Debug|x86.ActiveCfg = Debug|Win32
		{3BB7DAB8-CA04-4640-863A-3ED43FABA126}.Debug|x86.Build.0 = Debug|Win32
		{3BB7DAB8-CA04-4640-863A-3ED43FABA126}.Release|x64.ActiveCfg = Release|x64
		{3BB7DAB8-CA04-4640-863A-3ED43FABA126}.Release|x64.Build.0 = Release|x64
		{3BB7DAB8-CA04-4640-863A-3ED43FABA126}.Release|x86.ActiveCfg = Release|Win32
		{3BB7DAB8-CA04-4640-863A-3ED43FABA126}.Release|x86.Build.0 = Release|Win32
		{85721287-7343-4248-A201-1293CC6ACD9B}.Debug|x64.ActiveCfg = Debug|x64
		{85721287-7343-4248-A201-1293CC6ACD9B}.Debug|x64.Build.0 = Debug|x64
		{85721287-7343-4248-A201-1293CC6ACD9B}.Debug|x86.ActiveCfg = Debug|Win32
		{85721287-7343-4248-A201-1293CC6ACD9B}.Debug|x86.Build.0 = Debug|Win32
		{85721287-7343-4248-A201-1293CC6ACD9B}.Release|x64.ActiveCfg = Release|x64
		{85721287-7343-4248-A201-1293CC6ACD9B}.Release|x64.Build.0 = Release|x64
		{85721287-7343-4248-A201-1293CC6ACD9B}.Release|x86.ActiveCfg = Release|Win32
		{85721287-7343-4248-A201-1293CC6ACD9B}.Release|x86.Build.0 = Release|Win32
		{2262A465-00E8-46A9-BAC8-868D0D199FD6}.Debug|x64.ActiveCfg = Debug|x64
		{2262A465-00E8-46A9-BAC8-868D0D199FD6}.Debug|x64.Build.0 = Debug|x64
		{2262A465-00E8-46A9-BAC8-868D0D199FD6}.Debug|x86.ActiveCfg = Debug|Win32
		{2262A465-00E8-46A9-BAC8-868D0D199FD6}.Debug|x86.Build.0 = Debug|Win32
		{2262A465-00E8-46A9-BAC8-868D0D199FD6}.Release|x64.ActiveCfg = Release|x64
		{2262A465-00E8-46A9-BAC8-868D0D199FD6}.Release|x64.Build.0 = Release|x64
		{2262A465-00E8-46A9-BAC8-868D0D199FD6}.Release|x86.ActiveCfg = Release|Win32
		{2262A465-00E8-46A9-BAC8-868D0D199FD6}.Release|x86.Build.0 = Release|Win32
		{66ABFD0C-404A-4F7D-9702-DCFD2EA15706}.Debug|x64.ActiveCfg = Debug|x64
		{66ABFD0C-404A-4F7D-9702-DCFD2EA15706}.Debug|x64.Build.0 = Debug|x64
		{66ABFD0C-404A-4F7D-9702-DCFD2EA15706}.Debug|x86.ActiveCfg = Debug|Win32
		{66ABFD0C-404A-4F7D-9702-DCFD2EA15706}.Debug|x86.Build.0 = Debug|Win32
		{66ABFD0C-404A-4F7D-9702-DCFD2EA15706}.Release|x64.ActiveCfg = Release|x64
		{66ABFD0C-404A-4F7D-9702-DCFD2EA15706}.Release|x64.Build.0 = Release|x64
		{66ABFD0C-404A-4F7D-9702-DCFD2EA15706}.Release|x86.ActiveCfg = Release|Win32
		{66ABFD0C-404A-4F7D-9702-DCFD2EA15706}.Release|x86.Build.0 = Release|Win32
		{760645EA-922F-434D-ABFC-3268167124E5}.Debug|x64.ActiveCfg = Debug|x64
		{760645EA-922F-434D-ABFC-3268167124E5}.Debug|x64.Build.0 = Debug|x64
		{760645EA-922F-434D-ABFC-3268167124E5}.Debug|x86.ActiveCfg = Debug|Win32
		{760645EA-922F-434D-ABFC-3268167124E5}.Debug|x86.Build.0 = Debug|Win32
		{760645EA-922F-434D-ABFC-3268167124E5}.Release|x64.ActiveCfg = Release|x64
		{760645EA-922F-434D-ABFC-3268167124E5}.Release|x64.Build.0 = Release|x64
		{760645EA-922F-434D-ABFC-3268167124E5}.Release|x86.ActiveCfg = Release|Win32
		{760645EA-922F-434D-ABFC-3268167124E5}.Release|x86.Build.0 = Release|Win32
		{15D4EB47-E5ED-49FE-AF70-EC281FDE4107}.Debug|x64.ActiveCfg = Debug|x64
		{15D4EB47-E5ED-49FE-AF70-EC281FDE4107}.Debug|x64.Build.0 = Debug|x64
		{15D4EB47-E5ED-49FE-AF70-EC281FDE4107}.Debug|x86.ActiveCfg = Debug|Win32
		{15D4EB47-E5ED-49FE-AF70-EC281FDE4107}.Debug|x86.Build.0 = Debug|Win32
		{15D4EB47-E5ED-49FE-AF70-EC281FDE4107}.Release|x64.ActiveCfg = Release|x64
		{15D4EB47-E5ED-49FE-AF70-EC281FDE4107}.Release|x64.Build.0 = Release|x64
		{15D4EB47-E5ED-49FE-AF70-EC281FDE4107}.Release|x86.ActiveCfg = Release|Win32
		{15D4EB47-E5ED-49FE-AF70-EC281FDE4107}.Release|x86.Build.0 = Release|Win32
	EndGlobalSection
	GlobalSection(SolutionProperties) = preSolution
		HideSolutionNode = FALSE
	EndGlobalSection
	GlobalSection(ExtensibilityGlobals) = postSolution
		SolutionGuid = {D20BC77A-6194-48AD-892E-F268B76D86F2}
	EndGlobalSection
EndGlobal
